
Microsoft Visual Studio Solution File, Format Version 12.00
# Visual Studio Version 17
VisualStudioVersion = 17.4.33205.214
MinimumVisualStudioVersion = 10.0.40219.1
Project("{9A19103F-16F7-4668-BE54-9A1E7A4F7556}") = "Web.Host", "Post\Web.Host.csproj", "{DA052050-F9AA-4423-AB02-F09AC4349E07}"
EndProject
Project("{9A19103F-16F7-4668-BE54-9A1E7A4F7556}") = "DataAccess", "DataAccess\DataAccess.csproj", "{0677060D-57C4-492B-B312-0DE34E20CE76}"
EndProject
Project("{9A19103F-16F7-4668-BE54-9A1E7A4F7556}") = "Application", "Application\Application.csproj", "{0402807E-2F21-497A-8CD0-592A36EADC6B}"
EndProject
Project("{FAE04EC0-301F-11D3-BF4B-00C04F79EFBC}") = "Common", "Common\Common.csproj", "{B127F4EF-24BE-4C1B-9841-619A04021289}"
EndProject
Global
	GlobalSection(SolutionConfigurationPlatforms) = preSolution
		Debug|Any CPU = Debug|Any CPU
		Release|Any CPU = Release|Any CPU
	EndGlobalSection
	GlobalSection(ProjectConfigurationPlatforms) = postSolution
		{DA052050-F9AA-4423-AB02-F09AC4349E07}.Debug|Any CPU.ActiveCfg = Debug|Any CPU
		{DA052050-F9AA-4423-AB02-F09AC4349E07}.Debug|Any CPU.Build.0 = Debug|Any CPU
		{DA052050-F9AA-4423-AB02-F09AC4349E07}.Release|Any CPU.ActiveCfg = Release|Any CPU
		{DA052050-F9AA-4423-AB02-F09AC4349E07}.Release|Any CPU.Build.0 = Release|Any CPU
		{0677060D-57C4-492B-B312-0DE34E20CE76}.Debug|Any CPU.ActiveCfg = Debug|Any CPU
		{0677060D-57C4-492B-B312-0DE34E20CE76}.Debug|Any CPU.Build.0 = Debug|Any CPU
		{0677060D-57C4-492B-B312-0DE34E20CE76}.Release|Any CPU.ActiveCfg = Release|Any CPU
		{0677060D-57C4-492B-B312-0DE34E20CE76}.Release|Any CPU.Build.0 = Release|Any CPU
		{0402807E-2F21-497A-8CD0-592A36EADC6B}.Debug|Any CPU.ActiveCfg = Debug|Any CPU
		{0402807E-2F21-497A-8CD0-592A36EADC6B}.Debug|Any CPU.Build.0 = Debug|Any CPU
		{0402807E-2F21-497A-8CD0-592A36EADC6B}.Release|Any CPU.ActiveCfg = Release|Any CPU
		{0402807E-2F21-497A-8CD0-592A36EADC6B}.Release|Any CPU.Build.0 = Release|Any CPU
		{B127F4EF-24BE-4C1B-9841-619A04021289}.Debug|Any CPU.ActiveCfg = Debug|Any CPU
		{B127F4EF-24BE-4C1B-9841-619A04021289}.Debug|Any CPU.Build.0 = Debug|Any CPU
		{B127F4EF-24BE-4C1B-9841-619A04021289}.Release|Any CPU.ActiveCfg = Release|Any CPU
		{B127F4EF-24BE-4C1B-9841-619A04021289}.Release|Any CPU.Build.0 = Release|Any CPU
	EndGlobalSection
	GlobalSection(SolutionProperties) = preSolution
		HideSolutionNode = FALSE
	EndGlobalSection
	GlobalSection(ExtensibilityGlobals) = postSolution
		SolutionGuid = {F77C52C4-AD26-44FA-8C1C-DDFEDDA85C98}
	EndGlobalSection
EndGlobal
